// !$*UTF8*$!
{
	archiveVersion = 1;
	classes = {
	};
	objectVersion = 56;
	objects = {

/* Begin PBXBuildFile section */
		148A2AFC2AA383E800D9A5D9 /* MVIPracticeApp.swift in Sources */ = {isa = PBXBuildFile; fileRef = 148A2AFB2AA383E800D9A5D9 /* MVIPracticeApp.swift */; };
		148A2AFE2AA383E800D9A5D9 /* ContentView.swift in Sources */ = {isa = PBXBuildFile; fileRef = 148A2AFD2AA383E800D9A5D9 /* ContentView.swift */; };
		148A2B002AA383EA00D9A5D9 /* Assets.xcassets in Resources */ = {isa = PBXBuildFile; fileRef = 148A2AFF2AA383EA00D9A5D9 /* Assets.xcassets */; };
		148A2B032AA383EA00D9A5D9 /* Preview Assets.xcassets in Resources */ = {isa = PBXBuildFile; fileRef = 148A2B022AA383EA00D9A5D9 /* Preview Assets.xcassets */; };
		148A2B0A2AA3840300D9A5D9 /* Intent.swift in Sources */ = {isa = PBXBuildFile; fileRef = 148A2B092AA3840300D9A5D9 /* Intent.swift */; };
		148A2B0C2AA3849E00D9A5D9 /* Model.swift in Sources */ = {isa = PBXBuildFile; fileRef = 148A2B0B2AA3849E00D9A5D9 /* Model.swift */; };
		148A2B0E2AA3858500D9A5D9 /* Service.swift in Sources */ = {isa = PBXBuildFile; fileRef = 148A2B0D2AA3858500D9A5D9 /* Service.swift */; };
		148A2B102AA386C900D9A5D9 /* MVIContainer.swift in Sources */ = {isa = PBXBuildFile; fileRef = 148A2B0F2AA386C900D9A5D9 /* MVIContainer.swift */; };
/* End PBXBuildFile section */

/* Begin PBXFileReference section */
		148A2AF82AA383E800D9A5D9 /* MVIPractice.app */ = {isa = PBXFileReference; explicitFileType = wrapper.application; includeInIndex = 0; path = MVIPractice.app; sourceTree = BUILT_PRODUCTS_DIR; };
		148A2AFB2AA383E800D9A5D9 /* MVIPracticeApp.swift */ = {isa = PBXFileReference; lastKnownFileType = sourcecode.swift; path = MVIPracticeApp.swift; sourceTree = "<group>"; };
		148A2AFD2AA383E800D9A5D9 /* ContentView.swift */ = {isa = PBXFileReference; lastKnownFileType = sourcecode.swift; path = ContentView.swift; sourceTree = "<group>"; };
		148A2AFF2AA383EA00D9A5D9 /* Assets.xcassets */ = {isa = PBXFileReference; lastKnownFileType = folder.assetcatalog; path = Assets.xcassets; sourceTree = "<group>"; };
		148A2B022AA383EA00D9A5D9 /* Preview Assets.xcassets */ = {isa = PBXFileReference; lastKnownFileType = folder.assetcatalog; path = "Preview Assets.xcassets"; sourceTree = "<group>"; };
		148A2B092AA3840300D9A5D9 /* Intent.swift */ = {isa = PBXFileReference; lastKnownFileType = sourcecode.swift; path = Intent.swift; sourceTree = "<group>"; };
		148A2B0B2AA3849E00D9A5D9 /* Model.swift */ = {isa = PBXFileReference; lastKnownFileType = sourcecode.swift; path = Model.swift; sourceTree = "<group>"; };
		148A2B0D2AA3858500D9A5D9 /* Service.swift */ = {isa = PBXFileReference; lastKnownFileType = sourcecode.swift; path = Service.swift; sourceTree = "<group>"; };
		148A2B0F2AA386C900D9A5D9 /* MVIContainer.swift */ = {isa = PBXFileReference; lastKnownFileType = sourcecode.swift; path = MVIContainer.swift; sourceTree = "<group>"; };
		148A2B112AA42EC200D9A5D9 /* Info.plist */ = {isa = PBXFileReference; lastKnownFileType = text.plist; path = Info.plist; sourceTree = "<group>"; };
/* End PBXFileReference section */

/* Begin PBXFrameworksBuildPhase section */
		148A2AF52AA383E800D9A5D9 /* Frameworks */ = {
			isa = PBXFrameworksBuildPhase;
			buildActionMask = 2147483647;
			files = (
			);
			runOnlyForDeploymentPostprocessing = 0;
		};
/* End PBXFrameworksBuildPhase section */

/* Begin PBXGroup section */
		148A2AEF2AA383E800D9A5D9 = {
			isa = PBXGroup;
			children = (
				148A2AFA2AA383E800D9A5D9 /* MVIPractice */,
				148A2AF92AA383E800D9A5D9 /* Products */,
			);
			sourceTree = "<group>";
		};
		148A2AF92AA383E800D9A5D9 /* Products */ = {
			isa = PBXGroup;
			children = (
				148A2AF82AA383E800D9A5D9 /* MVIPractice.app */,
			);
			name = Products;
			sourceTree = "<group>";
		};
		148A2AFA2AA383E800D9A5D9 /* MVIPractice */ = {
			isa = PBXGroup;
			children = (
				148A2B112AA42EC200D9A5D9 /* Info.plist */,
				148A2AFB2AA383E800D9A5D9 /* MVIPracticeApp.swift */,
				148A2B0F2AA386C900D9A5D9 /* MVIContainer.swift */,
				148A2B122AA4314700D9A5D9 /* NumberFact */,
				148A2AFF2AA383EA00D9A5D9 /* Assets.xcassets */,
				148A2B012AA383EA00D9A5D9 /* Preview Content */,
			);
			path = MVIPractice;
			sourceTree = "<group>";
		};
		148A2B012AA383EA00D9A5D9 /* Preview Content */ = {
			isa = PBXGroup;
			children = (
				148A2B022AA383EA00D9A5D9 /* Preview Assets.xcassets */,
			);
			path = "Preview Content";
			sourceTree = "<group>";
		};
		148A2B122AA4314700D9A5D9 /* NumberFact */ = {
			isa = PBXGroup;
			children = (
				148A2AFD2AA383E800D9A5D9 /* ContentView.swift */,
				148A2B092AA3840300D9A5D9 /* Intent.swift */,
				148A2B0B2AA3849E00D9A5D9 /* Model.swift */,
				148A2B0D2AA3858500D9A5D9 /* Service.swift */,
			);
			path = NumberFact;
			sourceTree = "<group>";
		};
/* End PBXGroup section */

/* Begin PBXNativeTarget section */
		148A2AF72AA383E800D9A5D9 /* MVIPractice */ = {
			isa = PBXNativeTarget;
			buildConfigurationList = 148A2B062AA383EA00D9A5D9 /* Build configuration list for PBXNativeTarget "MVIPractice" */;
			buildPhases = (
				148A2AF42AA383E800D9A5D9 /* Sources */,
				148A2AF52AA383E800D9A5D9 /* Frameworks */,
				148A2AF62AA383E800D9A5D9 /* Resources */,
			);
			buildRules = (
			);
			dependencies = (
			);
			name = MVIPractice;
			productName = MVIPractice;
			productReference = 148A2AF82AA383E800D9A5D9 /* MVIPractice.app */;
			productType = "com.apple.product-type.application";
		};
/* End PBXNativeTarget section */

/* Begin PBXProject section */
		148A2AF02AA383E800D9A5D9 /* Project object */ = {
			isa = PBXProject;
			attributes = {
				BuildIndependentTargetsInParallel = 1;
				LastSwiftUpdateCheck = 1420;
				LastUpgradeCheck = 1420;
				TargetAttributes = {
					148A2AF72AA383E800D9A5D9 = {
						CreatedOnToolsVersion = 14.2;
					};
				};
			};
			buildConfigurationList = 148A2AF32AA383E800D9A5D9 /* Build configuration list for PBXProject "MVIPractice" */;
			compatibilityVersion = "Xcode 14.0";
			developmentRegion = en;
			hasScannedForEncodings = 0;
			knownRegions = (
				en,
				Base,
			);
			mainGroup = 148A2AEF2AA383E800D9A5D9;
			productRefGroup = 148A2AF92AA383E800D9A5D9 /* Products */;
			projectDirPath = "";
			projectRoot = "";
			targets = (
				148A2AF72AA383E800D9A5D9 /* MVIPractice */,
			);
		};
/* End PBXProject section */

/* Begin PBXResourcesBuildPhase section */
		148A2AF62AA383E800D9A5D9 /* Resources */ = {
			isa = PBXResourcesBuildPhase;
			buildActionMask = 2147483647;
			files = (
				148A2B032AA383EA00D9A5D9 /* Preview Assets.xcassets in Resources */,
				148A2B002AA383EA00D9A5D9 /* Assets.xcassets in Resources */,
			);
			runOnlyForDeploymentPostprocessing = 0;
		};
/* End PBXResourcesBuildPhase section */

/* Begin PBXSourcesBuildPhase section */
		148A2AF42AA383E800D9A5D9 /* Sources */ = {
			isa = PBXSourcesBuildPhase;
			buildActionMask = 2147483647;
			files = (
				148A2AFE2AA383E800D9A5D9 /* ContentView.swift in Sources */,
				148A2AFC2AA383E800D9A5D9 /* MVIPracticeApp.swift in Sources */,
				148A2B102AA386C900D9A5D9 /* MVIContainer.swift in Sources */,
				148A2B0E2AA3858500D9A5D9 /* Service.swift in Sources */,
				148A2B0A2AA3840300D9A5D9 /* Intent.swift in Sources */,
				148A2B0C2AA3849E00D9A5D9 /* Model.swift in Sources */,
			);
			runOnlyForDeploymentPostprocessing = 0;
		};
/* End PBXSourcesBuildPhase section */

/* Begin XCBuildConfiguration section */
		148A2B042AA383EA00D9A5D9 /* Debug */ = {
			isa = XCBuildConfiguration;
			buildSettings = {
				ALWAYS_SEARCH_USER_PATHS = NO;
				CLANG_ANALYZER_NONNULL = YES;
				CLANG_ANALYZER_NUMBER_OBJECT_CONVERSION = YES_AGGRESSIVE;
				CLANG_CXX_LANGUAGE_STANDARD = "gnu++20";
				CLANG_ENABLE_MODULES = YES;
				CLANG_ENABLE_OBJC_ARC = YES;
				CLANG_ENABLE_OBJC_WEAK = YES;
				CLANG_WARN_BLOCK_CAPTURE_AUTORELEASING = YES;
				CLANG_WARN_BOOL_CONVERSION = YES;
				CLANG_WARN_COMMA = YES;
				CLANG_WARN_CONSTANT_CONVERSION = YES;
				CLANG_WARN_DEPRECATED_OBJC_IMPLEMENTATIONS = YES;
				CLANG_WARN_DIRECT_OBJC_ISA_USAGE = YES_ERROR;
				CLANG_WARN_DOCUMENTATION_COMMENTS = YES;
				CLANG_WARN_EMPTY_BODY = YES;
				CLANG_WARN_ENUM_CONVERSION = YES;
				CLANG_WARN_INFINITE_RECURSION = YES;
				CLANG_WARN_INT_CONVERSION = YES;
				CLANG_WARN_NON_LITERAL_NULL_CONVERSION = YES;
				CLANG_WARN_OBJC_IMPLICIT_RETAIN_SELF = YES;
				CLANG_WARN_OBJC_LITERAL_CONVERSION = YES;
				CLANG_WARN_OBJC_ROOT_CLASS = YES_ERROR;
				CLANG_WARN_QUOTED_INCLUDE_IN_FRAMEWORK_HEADER = YES;
				CLANG_WARN_RANGE_LOOP_ANALYSIS = YES;
				CLANG_WARN_STRICT_PROTOTYPES = YES;
				CLANG_WARN_SUSPICIOUS_MOVE = YES;
				CLANG_WARN_UNGUARDED_AVAILABILITY = YES_AGGRESSIVE;
				CLANG_WARN_UNREACHABLE_CODE = YES;
				CLANG_WARN__DUPLICATE_METHOD_MATCH = YES;
				COPY_PHASE_STRIP = NO;
				DEBUG_INFORMATION_FORMAT = dwarf;
				ENABLE_STRICT_OBJC_MSGSEND = YES;
				ENABLE_TESTABILITY = YES;
				GCC_C_LANGUAGE_STANDARD = gnu11;
				GCC_DYNAMIC_NO_PIC = NO;
				GCC_NO_COMMON_BLOCKS = YES;
				GCC_OPTIMIZATION_LEVEL = 0;
				GCC_PREPROCESSOR_DEFINITIONS = (
					"DEBUG=1",
					"$(inherited)",
				);
				GCC_WARN_64_TO_32_BIT_CONVERSION = YES;
				GCC_WARN_ABOUT_RETURN_TYPE = YES_ERROR;
				GCC_WARN_UNDECLARED_SELECTOR = YES;
				GCC_WARN_UNINITIALIZED_AUTOS = YES_AGGRESSIVE;
				GCC_WARN_UNUSED_FUNCTION = YES;
				GCC_WARN_UNUSED_VARIABLE = YES;
				IPHONEOS_DEPLOYMENT_TARGET = 16.2;
				MTL_ENABLE_DEBUG_INFO = INCLUDE_SOURCE;
				MTL_FAST_MATH = YES;
				ONLY_ACTIVE_ARCH = YES;
				SDKROOT = iphoneos;
				SWIFT_ACTIVE_COMPILATION_CONDITIONS = DEBUG;
				SWIFT_OPTIMIZATION_LEVEL = "-Onone";
			};
			name = Debug;
		};
		148A2B052AA383EA00D9A5D9 /* Release */ = {
			isa = XCBuildConfiguration;
			buildSettings = {
				ALWAYS_SEARCH_USER_PATHS = NO;
				CLANG_ANALYZER_NONNULL = YES;
				CLANG_ANALYZER_NUMBER_OBJECT_CONVERSION = YES_AGGRESSIVE;
				CLANG_CXX_LANGUAGE_STANDARD = "gnu++20";
				CLANG_ENABLE_MODULES = YES;
				CLANG_ENABLE_OBJC_ARC = YES;
				CLANG_ENABLE_OBJC_WEAK = YES;
				CLANG_WARN_BLOCK_CAPTURE_AUTORELEASING = YES;
				CLANG_WARN_BOOL_CONVERSION = YES;
				CLANG_WARN_COMMA = YES;
				CLANG_WARN_CONSTANT_CONVERSION = YES;
				CLANG_WARN_DEPRECATED_OBJC_IMPLEMENTATIONS = YES;
				CLANG_WARN_DIRECT_OBJC_ISA_USAGE = YES_ERROR;
				CLANG_WARN_DOCUMENTATION_COMMENTS = YES;
				CLANG_WARN_EMPTY_BODY = YES;
				CLANG_WARN_ENUM_CONVERSION = YES;
				CLANG_WARN_INFINITE_RECURSION = YES;
				CLANG_WARN_INT_CONVERSION = YES;
				CLANG_WARN_NON_LITERAL_NULL_CONVERSION = YES;
				CLANG_WARN_OBJC_IMPLICIT_RETAIN_SELF = YES;
				CLANG_WARN_OBJC_LITERAL_CONVERSION = YES;
				CLANG_WARN_OBJC_ROOT_CLASS = YES_ERROR;
				CLANG_WARN_QUOTED_INCLUDE_IN_FRAMEWORK_HEADER = YES;
				CLANG_WARN_RANGE_LOOP_ANALYSIS = YES;
				CLANG_WARN_STRICT_PROTOTYPES = YES;
				CLANG_WARN_SUSPICIOUS_MOVE = YES;
				CLANG_WARN_UNGUARDED_AVAILABILITY = YES_AGGRESSIVE;
				CLANG_WARN_UNREACHABLE_CODE = YES;
				CLANG_WARN__DUPLICATE_METHOD_MATCH = YES;
				COPY_PHASE_STRIP = NO;
				DEBUG_INFORMATION_FORMAT = "dwarf-with-dsym";
				ENABLE_NS_ASSERTIONS = NO;
				ENABLE_STRICT_OBJC_MSGSEND = YES;
				GCC_C_LANGUAGE_STANDARD = gnu11;
				GCC_NO_COMMON_BLOCKS = YES;
				GCC_WARN_64_TO_32_BIT_CONVERSION = YES;
				GCC_WARN_ABOUT_RETURN_TYPE = YES_ERROR;
				GCC_WARN_UNDECLARED_SELECTOR = YES;
				GCC_WARN_UNINITIALIZED_AUTOS = YES_AGGRESSIVE;
				GCC_WARN_UNUSED_FUNCTION = YES;
				GCC_WARN_UNUSED_VARIABLE = YES;
				IPHONEOS_DEPLOYMENT_TARGET = 16.2;
				MTL_ENABLE_DEBUG_INFO = NO;
				MTL_FAST_MATH = YES;
				SDKROOT = iphoneos;
				SWIFT_COMPILATION_MODE = wholemodule;
				SWIFT_OPTIMIZATION_LEVEL = "-O";
				VALIDATE_PRODUCT = YES;
			};
			name = Release;
		};
		148A2B072AA383EA00D9A5D9 /* Debug */ = {
			isa = XCBuildConfiguration;
			buildSettings = {
				ASSETCATALOG_COMPILER_APPICON_NAME = AppIcon;
				ASSETCATALOG_COMPILER_GLOBAL_ACCENT_COLOR_NAME = AccentColor;
				CODE_SIGN_STYLE = Automatic;
				CURRENT_PROJECT_VERSION = 1;
				DEVELOPMENT_ASSET_PATHS = "\"MVIPractice/Preview Content\"";
				DEVELOPMENT_TEAM = PX37AVLC5L;
				ENABLE_PREVIEWS = YES;
				GENERATE_INFOPLIST_FILE = YES;
				INFOPLIST_FILE = MVIPractice/Info.plist;
				INFOPLIST_KEY_UIApplicationSceneManifest_Generation = YES;
				INFOPLIST_KEY_UIApplicationSupportsIndirectInputEvents = YES;
				INFOPLIST_KEY_UILaunchScreen_Generation = YES;
				INFOPLIST_KEY_UISupportedInterfaceOrientations_iPad = "UIInterfaceOrientationPortrait UIInterfaceOrientationPortraitUpsideDown UIInterfaceOrientationLandscapeLeft UIInterfaceOrientationLandscapeRight";
				INFOPLIST_KEY_UISupportedInterfaceOrientations_iPhone = "UIInterfaceOrientationPortrait UIInterfaceOrientationLandscapeLeft UIInterfaceOrientationLandscapeRight";
				LD_RUNPATH_SEARCH_PATHS = (
					"$(inherited)",
					"@executable_path/Frameworks",
				);
				MARKETING_VERSION = 1.0;
				PRODUCT_BUNDLE_IDENTIFIER = com.yunuki.MVIPractice;
				PRODUCT_NAME = "$(TARGET_NAME)";
				SWIFT_EMIT_LOC_STRINGS = YES;
				SWIFT_VERSION = 5.0;
				TARGETED_DEVICE_FAMILY = "1,2";
			};
			name = Debug;
		};
		148A2B082AA383EA00D9A5D9 /* Release */ = {
			isa = XCBuildConfiguration;
			buildSettings = {
				ASSETCATALOG_COMPILER_APPICON_NAME = AppIcon;
				ASSETCATALOG_COMPILER_GLOBAL_ACCENT_COLOR_NAME = AccentColor;
				CODE_SIGN_STYLE = Automatic;
				CURRENT_PROJECT_VERSION = 1;
				DEVELOPMENT_ASSET_PATHS = "\"MVIPractice/Preview Content\"";
				DEVELOPMENT_TEAM = PX37AVLC5L;
				ENABLE_PREVIEWS = YES;
				GENERATE_INFOPLIST_FILE = YES;
				INFOPLIST_FILE = MVIPractice/Info.plist;
				INFOPLIST_KEY_UIApplicationSceneManifest_Generation = YES;
				INFOPLIST_KEY_UIApplicationSupportsIndirectInputEvents = YES;
				INFOPLIST_KEY_UILaunchScreen_Generation = YES;
				INFOPLIST_KEY_UISupportedInterfaceOrientations_iPad = "UIInterfaceOrientationPortrait UIInterfaceOrientationPortraitUpsideDown UIInterfaceOrientationLandscapeLeft UIInterfaceOrientationLandscapeRight";
				INFOPLIST_KEY_UISupportedInterfaceOrientations_iPhone = "UIInterfaceOrientationPortrait UIInterfaceOrientationLandscapeLeft UIInterfaceOrientationLandscapeRight";
				LD_RUNPATH_SEARCH_PATHS = (
					"$(inherited)",
					"@executable_path/Frameworks",
				);
				MARKETING_VERSION = 1.0;
				PRODUCT_BUNDLE_IDENTIFIER = com.yunuki.MVIPractice;
				PRODUCT_NAME = "$(TARGET_NAME)";
				SWIFT_EMIT_LOC_STRINGS = YES;
				SWIFT_VERSION = 5.0;
				TARGETED_DEVICE_FAMILY = "1,2";
			};
			name = Release;
		};
/* End XCBuildConfiguration section */

/* Begin XCConfigurationList section */
		148A2AF32AA383E800D9A5D9 /* Build configuration list for PBXProject "MVIPractice" */ = {
			isa = XCConfigurationList;
			buildConfigurations = (
				148A2B042AA383EA00D9A5D9 /* Debug */,
				148A2B052AA383EA00D9A5D9 /* Release */,
			);
			defaultConfigurationIsVisible = 0;
			defaultConfigurationName = Release;
		};
		148A2B062AA383EA00D9A5D9 /* Build configuration list for PBXNativeTarget "MVIPractice" */ = {
			isa = XCConfigurationList;
			buildConfigurations = (
				148A2B072AA383EA00D9A5D9 /* Debug */,
				148A2B082AA383EA00D9A5D9 /* Release */,
			);
			defaultConfigurationIsVisible = 0;
			defaultConfigurationName = Release;
		};
/* End XCConfigurationList section */
	};
	rootObject = 148A2AF02AA383E800D9A5D9 /* Project object */;
}
